
Microsoft Visual Studio Solution File, Format Version 12.00
# Visual Studio Version 17
VisualStudioVersion = 17.5.33530.505
MinimumVisualStudioVersion = 10.0.40219.1
Project("{FAE04EC0-301F-11D3-BF4B-00C04F79EFBC}") = "CSharpExercicios01", "CSharpExercicios01.csproj", "{7271C7E8-E929-496A-A5E7-2048A97A6D91}"
EndProject
Global
	GlobalSection(SolutionConfigurationPlatforms) = preSolution
		Debug|Any CPU = Debug|Any CPU
		Release|Any CPU = Release|Any CPU
	EndGlobalSection
	GlobalSection(ProjectConfigurationPlatforms) = postSolution
		{7271C7E8-E929-496A-A5E7-2048A97A6D91}.Debug|Any CPU.ActiveCfg = Debug|Any CPU
		{7271C7E8-E929-496A-A5E7-2048A97A6D91}.Debug|Any CPU.Build.0 = Debug|Any CPU
		{7271C7E8-E929-496A-A5E7-2048A97A6D91}.Release|Any CPU.ActiveCfg = Release|Any CPU
		{7271C7E8-E929-496A-A5E7-2048A97A6D91}.Release|Any CPU.Build.0 = Release|Any CPU
	EndGlobalSection
	GlobalSection(SolutionProperties) = preSolution
		HideSolutionNode = FALSE
	EndGlobalSection
	GlobalSection(ExtensibilityGlobals) = postSolution
		SolutionGuid = {64F6D1D7-F13A-49D3-8DAF-9F9364A66537}
	EndGlobalSection
EndGlobal
