
Microsoft Visual Studio Solution File, Format Version 12.00
# Visual Studio Version 17
VisualStudioVersion = 17.11.35312.102
MinimumVisualStudioVersion = 10.0.40219.1
Project("{FAE04EC0-301F-11D3-BF4B-00C04F79EFBC}") = "Calculadora01", "Calculadora01.csproj", "{0B99A738-4E83-4AA2-9B3A-8AA2FE87DC12}"
EndProject
Global
	GlobalSection(SolutionConfigurationPlatforms) = preSolution
		Debug|Any CPU = Debug|Any CPU
		Release|Any CPU = Release|Any CPU
	EndGlobalSection
	GlobalSection(ProjectConfigurationPlatforms) = postSolution
		{0B99A738-4E83-4AA2-9B3A-8AA2FE87DC12}.Debug|Any CPU.ActiveCfg = Debug|Any CPU
		{0B99A738-4E83-4AA2-9B3A-8AA2FE87DC12}.Debug|Any CPU.Build.0 = Debug|Any CPU
		{0B99A738-4E83-4AA2-9B3A-8AA2FE87DC12}.Release|Any CPU.ActiveCfg = Release|Any CPU
		{0B99A738-4E83-4AA2-9B3A-8AA2FE87DC12}.Release|Any CPU.Build.0 = Release|Any CPU
	EndGlobalSection
	GlobalSection(SolutionProperties) = preSolution
		HideSolutionNode = FALSE
	EndGlobalSection
	GlobalSection(ExtensibilityGlobals) = postSolution
		SolutionGuid = {B2169E7E-588F-4D07-9B67-4200C76C9853}
	EndGlobalSection
EndGlobal
